
Microsoft Visual Studio Solution File, Format Version 12.00
# Visual Studio Version 17
VisualStudioVersion = 17.3.32901.215
MinimumVisualStudioVersion = 10.0.40219.1
Project("{FAE04EC0-301F-11D3-BF4B-00C04F79EFBC}") = "lesson-16.Server", "lesson-16\Server\lesson-16.Server.csproj", "{ECE290D0-592E-4E8C-8229-90215D1229E1}"
EndProject
Project("{FAE04EC0-301F-11D3-BF4B-00C04F79EFBC}") = "lesson-16.Client", "lesson-16\Client\lesson-16.Client.csproj", "{1E722123-77DF-4194-90EF-11F08082F180}"
EndProject
Project("{FAE04EC0-301F-11D3-BF4B-00C04F79EFBC}") = "lesson-16.Shared", "lesson-16\Shared\lesson-16.Shared.csproj", "{D31E2E09-6927-4FF5-B69F-ED029CB37E64}"
EndProject
Global
	GlobalSection(SolutionConfigurationPlatforms) = preSolution
		Debug|Any CPU = Debug|Any CPU
		Release|Any CPU = Release|Any CPU
	EndGlobalSection
	GlobalSection(ProjectConfigurationPlatforms) = postSolution
		{ECE290D0-592E-4E8C-8229-90215D1229E1}.Debug|Any CPU.ActiveCfg = Debug|Any CPU
		{ECE290D0-592E-4E8C-8229-90215D1229E1}.Debug|Any CPU.Build.0 = Debug|Any CPU
		{ECE290D0-592E-4E8C-8229-90215D1229E1}.Release|Any CPU.ActiveCfg = Release|Any CPU
		{ECE290D0-592E-4E8C-8229-90215D1229E1}.Release|Any CPU.Build.0 = Release|Any CPU
		{1E722123-77DF-4194-90EF-11F08082F180}.Debug|Any CPU.ActiveCfg = Debug|Any CPU
		{1E722123-77DF-4194-90EF-11F08082F180}.Debug|Any CPU.Build.0 = Debug|Any CPU
		{1E722123-77DF-4194-90EF-11F08082F180}.Release|Any CPU.ActiveCfg = Release|Any CPU
		{1E722123-77DF-4194-90EF-11F08082F180}.Release|Any CPU.Build.0 = Release|Any CPU
		{D31E2E09-6927-4FF5-B69F-ED029CB37E64}.Debug|Any CPU.ActiveCfg = Debug|Any CPU
		{D31E2E09-6927-4FF5-B69F-ED029CB37E64}.Debug|Any CPU.Build.0 = Debug|Any CPU
		{D31E2E09-6927-4FF5-B69F-ED029CB37E64}.Release|Any CPU.ActiveCfg = Release|Any CPU
		{D31E2E09-6927-4FF5-B69F-ED029CB37E64}.Release|Any CPU.Build.0 = Release|Any CPU
	EndGlobalSection
	GlobalSection(SolutionProperties) = preSolution
		HideSolutionNode = FALSE
	EndGlobalSection
	GlobalSection(ExtensibilityGlobals) = postSolution
		SolutionGuid = {84CA1B25-2B4C-4CC7-97CA-3E6AB53D5B43}
	EndGlobalSection
EndGlobal
