
Microsoft Visual Studio Solution File, Format Version 12.00
# Visual Studio Version 17
VisualStudioVersion = 17.2.32630.192
MinimumVisualStudioVersion = 10.0.40219.1
Project("{9A19103F-16F7-4668-BE54-9A1E7A4F7556}") = "Data", "Data\Data.csproj", "{33D95EBE-F83E-4B2D-A5D6-C50402730460}"
EndProject
Project("{9A19103F-16F7-4668-BE54-9A1E7A4F7556}") = "Tests", "Tests\Tests.csproj", "{6A1EE987-6C89-4893-87A4-BE0F4AE6EAEF}"
EndProject
Global
	GlobalSection(SolutionConfigurationPlatforms) = preSolution
		Debug|Any CPU = Debug|Any CPU
		Release|Any CPU = Release|Any CPU
	EndGlobalSection
	GlobalSection(ProjectConfigurationPlatforms) = postSolution
		{33D95EBE-F83E-4B2D-A5D6-C50402730460}.Debug|Any CPU.ActiveCfg = Debug|Any CPU
		{33D95EBE-F83E-4B2D-A5D6-C50402730460}.Debug|Any CPU.Build.0 = Debug|Any CPU
		{33D95EBE-F83E-4B2D-A5D6-C50402730460}.Release|Any CPU.ActiveCfg = Release|Any CPU
		{33D95EBE-F83E-4B2D-A5D6-C50402730460}.Release|Any CPU.Build.0 = Release|Any CPU
		{6A1EE987-6C89-4893-87A4-BE0F4AE6EAEF}.Debug|Any CPU.ActiveCfg = Debug|Any CPU
		{6A1EE987-6C89-4893-87A4-BE0F4AE6EAEF}.Debug|Any CPU.Build.0 = Debug|Any CPU
		{6A1EE987-6C89-4893-87A4-BE0F4AE6EAEF}.Release|Any CPU.ActiveCfg = Release|Any CPU
		{6A1EE987-6C89-4893-87A4-BE0F4AE6EAEF}.Release|Any CPU.Build.0 = Release|Any CPU
	EndGlobalSection
	GlobalSection(SolutionProperties) = preSolution
		HideSolutionNode = FALSE
	EndGlobalSection
	GlobalSection(ExtensibilityGlobals) = postSolution
		SolutionGuid = {230995BB-595E-47B9-8F66-E6559033792D}
	EndGlobalSection
EndGlobal
