
Microsoft Visual Studio Solution File, Format Version 12.00
# Visual Studio Version 17
VisualStudioVersion = 17.3.32901.215
MinimumVisualStudioVersion = 10.0.40219.1
Project("{FAE04EC0-301F-11D3-BF4B-00C04F79EFBC}") = "lesson-15 (core)", "lesson-15 (core)\lesson-15 (core).csproj", "{60DE635C-059E-4BB9-968B-4D481997DF9C}"
EndProject
Global
	GlobalSection(SolutionConfigurationPlatforms) = preSolution
		Debug|Any CPU = Debug|Any CPU
		Release|Any CPU = Release|Any CPU
	EndGlobalSection
	GlobalSection(ProjectConfigurationPlatforms) = postSolution
		{60DE635C-059E-4BB9-968B-4D481997DF9C}.Debug|Any CPU.ActiveCfg = Debug|Any CPU
		{60DE635C-059E-4BB9-968B-4D481997DF9C}.Debug|Any CPU.Build.0 = Debug|Any CPU
		{60DE635C-059E-4BB9-968B-4D481997DF9C}.Release|Any CPU.ActiveCfg = Release|Any CPU
		{60DE635C-059E-4BB9-968B-4D481997DF9C}.Release|Any CPU.Build.0 = Release|Any CPU
	EndGlobalSection
	GlobalSection(SolutionProperties) = preSolution
		HideSolutionNode = FALSE
	EndGlobalSection
	GlobalSection(ExtensibilityGlobals) = postSolution
		SolutionGuid = {61B67B06-D058-48A6-8D89-D2EC815364EB}
	EndGlobalSection
EndGlobal
