
Microsoft Visual Studio Solution File, Format Version 12.00
# Visual Studio Version 17
VisualStudioVersion = 17.2.32630.192
MinimumVisualStudioVersion = 10.0.40219.1
Project("{FAE04EC0-301F-11D3-BF4B-00C04F79EFBC}") = "lesson-11", "lesson-11.csproj", "{766128C9-6A00-4AA4-953F-07DF24223E69}"
EndProject
Global
	GlobalSection(SolutionConfigurationPlatforms) = preSolution
		Debug|Any CPU = Debug|Any CPU
		Release|Any CPU = Release|Any CPU
	EndGlobalSection
	GlobalSection(ProjectConfigurationPlatforms) = postSolution
		{766128C9-6A00-4AA4-953F-07DF24223E69}.Debug|Any CPU.ActiveCfg = Debug|Any CPU
		{766128C9-6A00-4AA4-953F-07DF24223E69}.Debug|Any CPU.Build.0 = Debug|Any CPU
		{766128C9-6A00-4AA4-953F-07DF24223E69}.Release|Any CPU.ActiveCfg = Release|Any CPU
		{766128C9-6A00-4AA4-953F-07DF24223E69}.Release|Any CPU.Build.0 = Release|Any CPU
	EndGlobalSection
	GlobalSection(SolutionProperties) = preSolution
		HideSolutionNode = FALSE
	EndGlobalSection
	GlobalSection(ExtensibilityGlobals) = postSolution
		SolutionGuid = {52343FF5-6EA9-44FB-A486-5432E2B8F555}
	EndGlobalSection
EndGlobal
